
Microsoft Visual Studio Solution File, Format Version 12.00
# Visual Studio Version 16
VisualStudioVersion = 16.0.31005.135
MinimumVisualStudioVersion = 10.0.40219.1
Project("{FAE04EC0-301F-11D3-BF4B-00C04F79EFBC}") = "FileInfoDemo", "FileInfoDemo\FileInfoDemo.csproj", "{7F3D8C94-54FD-4510-9413-F133F718565C}"
EndProject
Project("{FAE04EC0-301F-11D3-BF4B-00C04F79EFBC}") = "SerializationDemo", "..\SerializationDemo\SerializationDemo.csproj", "{410882CA-F25A-4BFE-B4DB-18D5157BC46D}"
EndProject
Global
	GlobalSection(SolutionConfigurationPlatforms) = preSolution
		Debug|Any CPU = Debug|Any CPU
		Release|Any CPU = Release|Any CPU
	EndGlobalSection
	GlobalSection(ProjectConfigurationPlatforms) = postSolution
		{7F3D8C94-54FD-4510-9413-F133F718565C}.Debug|Any CPU.ActiveCfg = Debug|Any CPU
		{7F3D8C94-54FD-4510-9413-F133F718565C}.Debug|Any CPU.Build.0 = Debug|Any CPU
		{7F3D8C94-54FD-4510-9413-F133F718565C}.Release|Any CPU.ActiveCfg = Release|Any CPU
		{7F3D8C94-54FD-4510-9413-F133F718565C}.Release|Any CPU.Build.0 = Release|Any CPU
		{410882CA-F25A-4BFE-B4DB-18D5157BC46D}.Debug|Any CPU.ActiveCfg = Debug|Any CPU
		{410882CA-F25A-4BFE-B4DB-18D5157BC46D}.Debug|Any CPU.Build.0 = Debug|Any CPU
		{410882CA-F25A-4BFE-B4DB-18D5157BC46D}.Release|Any CPU.ActiveCfg = Release|Any CPU
		{410882CA-F25A-4BFE-B4DB-18D5157BC46D}.Release|Any CPU.Build.0 = Release|Any CPU
	EndGlobalSection
	GlobalSection(SolutionProperties) = preSolution
		HideSolutionNode = FALSE
	EndGlobalSection
	GlobalSection(ExtensibilityGlobals) = postSolution
		SolutionGuid = {DAA70883-B4B0-49B5-B0FD-185A23796AAB}
	EndGlobalSection
EndGlobal
