
Microsoft Visual Studio Solution File, Format Version 12.00
# Visual Studio Version 16
VisualStudioVersion = 16.0.31005.135
MinimumVisualStudioVersion = 10.0.40219.1
Project("{FAE04EC0-301F-11D3-BF4B-00C04F79EFBC}") = "Consoledemo", "helloUser\Consoledemo.csproj", "{135D7DED-B993-4250-98C1-6FB50FB9DD96}"
EndProject
Project("{FAE04EC0-301F-11D3-BF4B-00C04F79EFBC}") = "CsharpOperations", "CsharpOperations\CsharpOperations.csproj", "{11E780E0-4559-4354-8338-1A8617BE104D}"
EndProject
Project("{FAE04EC0-301F-11D3-BF4B-00C04F79EFBC}") = "Operators", "Operators\Operators.csproj", "{F4A1349A-8CB7-4672-939A-81C74BDC641B}"
EndProject
Project("{FAE04EC0-301F-11D3-BF4B-00C04F79EFBC}") = "RefandOut", "RefandOut\RefandOut.csproj", "{92A77BF9-B2EC-4E82-B294-5FB9EFA83799}"
EndProject
Global
	GlobalSection(SolutionConfigurationPlatforms) = preSolution
		Debug|Any CPU = Debug|Any CPU
		Release|Any CPU = Release|Any CPU
	EndGlobalSection
	GlobalSection(ProjectConfigurationPlatforms) = postSolution
		{135D7DED-B993-4250-98C1-6FB50FB9DD96}.Debug|Any CPU.ActiveCfg = Debug|Any CPU
		{135D7DED-B993-4250-98C1-6FB50FB9DD96}.Debug|Any CPU.Build.0 = Debug|Any CPU
		{135D7DED-B993-4250-98C1-6FB50FB9DD96}.Release|Any CPU.ActiveCfg = Release|Any CPU
		{135D7DED-B993-4250-98C1-6FB50FB9DD96}.Release|Any CPU.Build.0 = Release|Any CPU
		{11E780E0-4559-4354-8338-1A8617BE104D}.Debug|Any CPU.ActiveCfg = Debug|Any CPU
		{11E780E0-4559-4354-8338-1A8617BE104D}.Debug|Any CPU.Build.0 = Debug|Any CPU
		{11E780E0-4559-4354-8338-1A8617BE104D}.Release|Any CPU.ActiveCfg = Release|Any CPU
		{11E780E0-4559-4354-8338-1A8617BE104D}.Release|Any CPU.Build.0 = Release|Any CPU
		{F4A1349A-8CB7-4672-939A-81C74BDC641B}.Debug|Any CPU.ActiveCfg = Debug|Any CPU
		{F4A1349A-8CB7-4672-939A-81C74BDC641B}.Debug|Any CPU.Build.0 = Debug|Any CPU
		{F4A1349A-8CB7-4672-939A-81C74BDC641B}.Release|Any CPU.ActiveCfg = Release|Any CPU
		{F4A1349A-8CB7-4672-939A-81C74BDC641B}.Release|Any CPU.Build.0 = Release|Any CPU
		{92A77BF9-B2EC-4E82-B294-5FB9EFA83799}.Debug|Any CPU.ActiveCfg = Debug|Any CPU
		{92A77BF9-B2EC-4E82-B294-5FB9EFA83799}.Debug|Any CPU.Build.0 = Debug|Any CPU
		{92A77BF9-B2EC-4E82-B294-5FB9EFA83799}.Release|Any CPU.ActiveCfg = Release|Any CPU
		{92A77BF9-B2EC-4E82-B294-5FB9EFA83799}.Release|Any CPU.Build.0 = Release|Any CPU
	EndGlobalSection
	GlobalSection(SolutionProperties) = preSolution
		HideSolutionNode = FALSE
	EndGlobalSection
	GlobalSection(ExtensibilityGlobals) = postSolution
		SolutionGuid = {76ACC44F-DBE2-4893-8DE6-9E8399135A09}
	EndGlobalSection
EndGlobal
