
Microsoft Visual Studio Solution File, Format Version 12.00
# Visual Studio Version 16
VisualStudioVersion = 16.0.31005.135
MinimumVisualStudioVersion = 10.0.40219.1
Project("{FAE04EC0-301F-11D3-BF4B-00C04F79EFBC}") = "InheritanceDEmo", "InheritanceDEmo\InheritanceDEmo.csproj", "{DDC99E5B-B568-4F66-9132-A8B54FC4D3D8}"
EndProject
Project("{FAE04EC0-301F-11D3-BF4B-00C04F79EFBC}") = "ProductPurchase", "..\ProductPurchase\ProductPurchase.csproj", "{1B60A032-4C47-4B2D-B180-8D507A3B5C86}"
EndProject
Global
	GlobalSection(SolutionConfigurationPlatforms) = preSolution
		Debug|Any CPU = Debug|Any CPU
		Release|Any CPU = Release|Any CPU
	EndGlobalSection
	GlobalSection(ProjectConfigurationPlatforms) = postSolution
		{DDC99E5B-B568-4F66-9132-A8B54FC4D3D8}.Debug|Any CPU.ActiveCfg = Debug|Any CPU
		{DDC99E5B-B568-4F66-9132-A8B54FC4D3D8}.Debug|Any CPU.Build.0 = Debug|Any CPU
		{DDC99E5B-B568-4F66-9132-A8B54FC4D3D8}.Release|Any CPU.ActiveCfg = Release|Any CPU
		{DDC99E5B-B568-4F66-9132-A8B54FC4D3D8}.Release|Any CPU.Build.0 = Release|Any CPU
		{1B60A032-4C47-4B2D-B180-8D507A3B5C86}.Debug|Any CPU.ActiveCfg = Debug|Any CPU
		{1B60A032-4C47-4B2D-B180-8D507A3B5C86}.Debug|Any CPU.Build.0 = Debug|Any CPU
		{1B60A032-4C47-4B2D-B180-8D507A3B5C86}.Release|Any CPU.ActiveCfg = Release|Any CPU
		{1B60A032-4C47-4B2D-B180-8D507A3B5C86}.Release|Any CPU.Build.0 = Release|Any CPU
	EndGlobalSection
	GlobalSection(SolutionProperties) = preSolution
		HideSolutionNode = FALSE
	EndGlobalSection
	GlobalSection(ExtensibilityGlobals) = postSolution
		SolutionGuid = {BEAC69DB-904B-4074-8A8C-20483B206E21}
	EndGlobalSection
EndGlobal
