
Microsoft Visual Studio Solution File, Format Version 12.00
# Visual Studio Version 16
VisualStudioVersion = 16.0.31005.135
MinimumVisualStudioVersion = 10.0.40219.1
Project("{FAE04EC0-301F-11D3-BF4B-00C04F79EFBC}") = "EnumDemo", "EnumDemo\EnumDemo.csproj", "{5B00D3F7-A116-4055-8DDF-2497503A0934}"
EndProject
Project("{FAE04EC0-301F-11D3-BF4B-00C04F79EFBC}") = "ExtensionDemo", "..\ExtensionDemo\ExtensionDemo.csproj", "{7FA409F9-840A-479B-B17C-97FFEACB600F}"
EndProject
Project("{FAE04EC0-301F-11D3-BF4B-00C04F79EFBC}") = "AnonymusMethodDemo", "..\AnonymusMethodDemo\AnonymusMethodDemo.csproj", "{95F98C76-0644-4E38-A0E9-61522FCB6DD6}"
EndProject
Global
	GlobalSection(SolutionConfigurationPlatforms) = preSolution
		Debug|Any CPU = Debug|Any CPU
		Release|Any CPU = Release|Any CPU
	EndGlobalSection
	GlobalSection(ProjectConfigurationPlatforms) = postSolution
		{5B00D3F7-A116-4055-8DDF-2497503A0934}.Debug|Any CPU.ActiveCfg = Debug|Any CPU
		{5B00D3F7-A116-4055-8DDF-2497503A0934}.Debug|Any CPU.Build.0 = Debug|Any CPU
		{5B00D3F7-A116-4055-8DDF-2497503A0934}.Release|Any CPU.ActiveCfg = Release|Any CPU
		{5B00D3F7-A116-4055-8DDF-2497503A0934}.Release|Any CPU.Build.0 = Release|Any CPU
		{7FA409F9-840A-479B-B17C-97FFEACB600F}.Debug|Any CPU.ActiveCfg = Debug|Any CPU
		{7FA409F9-840A-479B-B17C-97FFEACB600F}.Debug|Any CPU.Build.0 = Debug|Any CPU
		{7FA409F9-840A-479B-B17C-97FFEACB600F}.Release|Any CPU.ActiveCfg = Release|Any CPU
		{7FA409F9-840A-479B-B17C-97FFEACB600F}.Release|Any CPU.Build.0 = Release|Any CPU
		{95F98C76-0644-4E38-A0E9-61522FCB6DD6}.Debug|Any CPU.ActiveCfg = Debug|Any CPU
		{95F98C76-0644-4E38-A0E9-61522FCB6DD6}.Debug|Any CPU.Build.0 = Debug|Any CPU
		{95F98C76-0644-4E38-A0E9-61522FCB6DD6}.Release|Any CPU.ActiveCfg = Release|Any CPU
		{95F98C76-0644-4E38-A0E9-61522FCB6DD6}.Release|Any CPU.Build.0 = Release|Any CPU
	EndGlobalSection
	GlobalSection(SolutionProperties) = preSolution
		HideSolutionNode = FALSE
	EndGlobalSection
	GlobalSection(ExtensibilityGlobals) = postSolution
		SolutionGuid = {B63EF21D-CE60-4E41-9373-252041F5B52D}
	EndGlobalSection
EndGlobal
