
Microsoft Visual Studio Solution File, Format Version 12.00
# Visual Studio Version 16
VisualStudioVersion = 16.0.31005.135
MinimumVisualStudioVersion = 10.0.40219.1
Project("{FAE04EC0-301F-11D3-BF4B-00C04F79EFBC}") = "ABC_Company", "ABC_Company\ABC_Company.csproj", "{79952178-D660-49CB-B863-C1F8FC44D8CD}"
EndProject
Global
	GlobalSection(SolutionConfigurationPlatforms) = preSolution
		Debug|Any CPU = Debug|Any CPU
		Release|Any CPU = Release|Any CPU
	EndGlobalSection
	GlobalSection(ProjectConfigurationPlatforms) = postSolution
		{79952178-D660-49CB-B863-C1F8FC44D8CD}.Debug|Any CPU.ActiveCfg = Debug|Any CPU
		{79952178-D660-49CB-B863-C1F8FC44D8CD}.Debug|Any CPU.Build.0 = Debug|Any CPU
		{79952178-D660-49CB-B863-C1F8FC44D8CD}.Release|Any CPU.ActiveCfg = Release|Any CPU
		{79952178-D660-49CB-B863-C1F8FC44D8CD}.Release|Any CPU.Build.0 = Release|Any CPU
	EndGlobalSection
	GlobalSection(SolutionProperties) = preSolution
		HideSolutionNode = FALSE
	EndGlobalSection
	GlobalSection(ExtensibilityGlobals) = postSolution
		SolutionGuid = {DFB269EB-584A-4C4E-8D10-D14EDBED53A0}
	EndGlobalSection
EndGlobal
