
Microsoft Visual Studio Solution File, Format Version 12.00
# Visual Studio Version 16
VisualStudioVersion = 16.0.31005.135
MinimumVisualStudioVersion = 10.0.40219.1
Project("{FAE04EC0-301F-11D3-BF4B-00C04F79EFBC}") = "CollectionDemo", "CollectionDemo\CollectionDemo.csproj", "{5045D19D-15A1-435D-B31B-0E051C4AC704}"
EndProject
Project("{FAE04EC0-301F-11D3-BF4B-00C04F79EFBC}") = "Dictionary_ListDemo", "..\Dictionary_ListDemo\Dictionary_ListDemo.csproj", "{544FE08E-9458-4747-A726-2D40C1AE6F76}"
EndProject
Project("{FAE04EC0-301F-11D3-BF4B-00C04F79EFBC}") = "FlatAssignment", "..\FlatAssignment\FlatAssignment.csproj", "{2457F164-DEEC-486F-9A60-1A0FADC6ACCB}"
EndProject
Global
	GlobalSection(SolutionConfigurationPlatforms) = preSolution
		Debug|Any CPU = Debug|Any CPU
		Release|Any CPU = Release|Any CPU
	EndGlobalSection
	GlobalSection(ProjectConfigurationPlatforms) = postSolution
		{5045D19D-15A1-435D-B31B-0E051C4AC704}.Debug|Any CPU.ActiveCfg = Debug|Any CPU
		{5045D19D-15A1-435D-B31B-0E051C4AC704}.Debug|Any CPU.Build.0 = Debug|Any CPU
		{5045D19D-15A1-435D-B31B-0E051C4AC704}.Release|Any CPU.ActiveCfg = Release|Any CPU
		{5045D19D-15A1-435D-B31B-0E051C4AC704}.Release|Any CPU.Build.0 = Release|Any CPU
		{544FE08E-9458-4747-A726-2D40C1AE6F76}.Debug|Any CPU.ActiveCfg = Debug|Any CPU
		{544FE08E-9458-4747-A726-2D40C1AE6F76}.Debug|Any CPU.Build.0 = Debug|Any CPU
		{544FE08E-9458-4747-A726-2D40C1AE6F76}.Release|Any CPU.ActiveCfg = Release|Any CPU
		{544FE08E-9458-4747-A726-2D40C1AE6F76}.Release|Any CPU.Build.0 = Release|Any CPU
		{2457F164-DEEC-486F-9A60-1A0FADC6ACCB}.Debug|Any CPU.ActiveCfg = Debug|Any CPU
		{2457F164-DEEC-486F-9A60-1A0FADC6ACCB}.Debug|Any CPU.Build.0 = Debug|Any CPU
		{2457F164-DEEC-486F-9A60-1A0FADC6ACCB}.Release|Any CPU.ActiveCfg = Release|Any CPU
		{2457F164-DEEC-486F-9A60-1A0FADC6ACCB}.Release|Any CPU.Build.0 = Release|Any CPU
	EndGlobalSection
	GlobalSection(SolutionProperties) = preSolution
		HideSolutionNode = FALSE
	EndGlobalSection
	GlobalSection(ExtensibilityGlobals) = postSolution
		SolutionGuid = {62DC3E6E-D989-490D-AA45-674687C420C0}
	EndGlobalSection
EndGlobal
