
Microsoft Visual Studio Solution File, Format Version 12.00
# Visual Studio Version 16
VisualStudioVersion = 16.0.31005.135
MinimumVisualStudioVersion = 10.0.40219.1
Project("{FAE04EC0-301F-11D3-BF4B-00C04F79EFBC}") = "AssemblyDemo", "AssemblyDemo\AssemblyDemo.csproj", "{525FFB0B-3650-415C-BAE0-B2C6FD27C829}"
EndProject
Project("{FAE04EC0-301F-11D3-BF4B-00C04F79EFBC}") = "ProductLibrary", "ProductLibrary\ProductLibrary.csproj", "{F6D3609A-306A-4AC8-B118-3EFF1246CE3E}"
EndProject
Global
	GlobalSection(SolutionConfigurationPlatforms) = preSolution
		Debug|Any CPU = Debug|Any CPU
		Release|Any CPU = Release|Any CPU
	EndGlobalSection
	GlobalSection(ProjectConfigurationPlatforms) = postSolution
		{525FFB0B-3650-415C-BAE0-B2C6FD27C829}.Debug|Any CPU.ActiveCfg = Debug|Any CPU
		{525FFB0B-3650-415C-BAE0-B2C6FD27C829}.Debug|Any CPU.Build.0 = Debug|Any CPU
		{525FFB0B-3650-415C-BAE0-B2C6FD27C829}.Release|Any CPU.ActiveCfg = Release|Any CPU
		{525FFB0B-3650-415C-BAE0-B2C6FD27C829}.Release|Any CPU.Build.0 = Release|Any CPU
		{F6D3609A-306A-4AC8-B118-3EFF1246CE3E}.Debug|Any CPU.ActiveCfg = Debug|Any CPU
		{F6D3609A-306A-4AC8-B118-3EFF1246CE3E}.Debug|Any CPU.Build.0 = Debug|Any CPU
		{F6D3609A-306A-4AC8-B118-3EFF1246CE3E}.Release|Any CPU.ActiveCfg = Release|Any CPU
		{F6D3609A-306A-4AC8-B118-3EFF1246CE3E}.Release|Any CPU.Build.0 = Release|Any CPU
	EndGlobalSection
	GlobalSection(SolutionProperties) = preSolution
		HideSolutionNode = FALSE
	EndGlobalSection
	GlobalSection(ExtensibilityGlobals) = postSolution
		SolutionGuid = {178B4085-8DDB-46A8-9415-6B4C6419954F}
	EndGlobalSection
EndGlobal
